
Microsoft Visual Studio Solution File, Format Version 12.00
# Visual Studio Version 17
VisualStudioVersion = 17.4.33122.133
MinimumVisualStudioVersion = 10.0.40219.1
Project("{FAE04EC0-301F-11D3-BF4B-00C04F79EFBC}") = "ViewMoreCards", "ViewMoreCards.csproj", "{14F448D5-A114-4460-BE95-212938B64A57}"
EndProject
Global
	GlobalSection(SolutionConfigurationPlatforms) = preSolution
		Debug|Any CPU = Debug|Any CPU
		Release|Any CPU = Release|Any CPU
	EndGlobalSection
	GlobalSection(ProjectConfigurationPlatforms) = postSolution
		{14F448D5-A114-4460-BE95-212938B64A57}.Debug|Any CPU.ActiveCfg = Debug|Any CPU
		{14F448D5-A114-4460-BE95-212938B64A57}.Debug|Any CPU.Build.0 = Debug|Any CPU
		{14F448D5-A114-4460-BE95-212938B64A57}.Release|Any CPU.ActiveCfg = Release|Any CPU
		{14F448D5-A114-4460-BE95-212938B64A57}.Release|Any CPU.Build.0 = Release|Any CPU
	EndGlobalSection
	GlobalSection(SolutionProperties) = preSolution
		HideSolutionNode = FALSE
	EndGlobalSection
	GlobalSection(ExtensibilityGlobals) = postSolution
		SolutionGuid = {855B0734-51ED-4FF6-B1A5-FD255609D958}
	EndGlobalSection
EndGlobal
